
Microsoft Visual Studio Solution File, Format Version 12.00
# Visual Studio 15
VisualStudioVersion = 15.0.27130.2003
MinimumVisualStudioVersion = 10.0.40219.1
Project("{8BC9CEB8-8B4A-11D0-8D11-00A0C91BC942}") = "LevelDb", "LevelDb\LevelDb.vcxproj", "{B1787EC5-4A20-4031-9099-6D3E3C212172}"
	ProjectSection(ProjectDependencies) = postProject
		{5A3683AE-15EE-4D98-AA2C-652376BD4B51} = {5A3683AE-15EE-4D98-AA2C-652376BD4B51}
	EndProjectSection
EndProject
Project("{FAE04EC0-301F-11D3-BF4B-00C04F79EFBC}") = "TestLevelDb", "TestLevelDb\TestLevelDb.csproj", "{A4DFF0FB-B923-4A17-81CF-FBD77BBF903B}"
EndProject
Project("{9A19103F-16F7-4668-BE54-9A1E7A4F7556}") = "LevelDbBinding", "LevelDbBinding\LevelDbBinding.csproj", "{DB144E97-DB4B-41A4-926F-3B61AE5F390E}"
	ProjectSection(ProjectDependencies) = postProject
		{B1787EC5-4A20-4031-9099-6D3E3C212172} = {B1787EC5-4A20-4031-9099-6D3E3C212172}
	EndProjectSection
EndProject
Project("{8BC9CEB8-8B4A-11D0-8D11-00A0C91BC942}") = "Zlib", "Zlib\Zlib.vcxproj", "{5A3683AE-15EE-4D98-AA2C-652376BD4B51}"
EndProject
Global
	GlobalSection(SolutionConfigurationPlatforms) = preSolution
		Debug|Any CPU = Debug|Any CPU
		Debug|Itanium = Debug|Itanium
		Debug|x64 = Debug|x64
		Debug|x86 = Debug|x86
		Release|Any CPU = Release|Any CPU
		Release|Itanium = Release|Itanium
		Release|x64 = Release|x64
		Release|x86 = Release|x86
		ReleaseWithoutAsm|Any CPU = ReleaseWithoutAsm|Any CPU
		ReleaseWithoutAsm|Itanium = ReleaseWithoutAsm|Itanium
		ReleaseWithoutAsm|x64 = ReleaseWithoutAsm|x64
		ReleaseWithoutAsm|x86 = ReleaseWithoutAsm|x86
	EndGlobalSection
	GlobalSection(ProjectConfigurationPlatforms) = postSolution
		{B1787EC5-4A20-4031-9099-6D3E3C212172}.Debug|Any CPU.ActiveCfg = Debug|Win32
		{B1787EC5-4A20-4031-9099-6D3E3C212172}.Debug|Itanium.ActiveCfg = Debug|Win32
		{B1787EC5-4A20-4031-9099-6D3E3C212172}.Debug|x64.ActiveCfg = Debug|x64
		{B1787EC5-4A20-4031-9099-6D3E3C212172}.Debug|x64.Build.0 = Debug|x64
		{B1787EC5-4A20-4031-9099-6D3E3C212172}.Debug|x86.ActiveCfg = Debug|Win32
		{B1787EC5-4A20-4031-9099-6D3E3C212172}.Debug|x86.Build.0 = Debug|Win32
		{B1787EC5-4A20-4031-9099-6D3E3C212172}.Release|Any CPU.ActiveCfg = Release|Win32
		{B1787EC5-4A20-4031-9099-6D3E3C212172}.Release|Itanium.ActiveCfg = Release|Win32
		{B1787EC5-4A20-4031-9099-6D3E3C212172}.Release|x64.ActiveCfg = Release|x64
		{B1787EC5-4A20-4031-9099-6D3E3C212172}.Release|x64.Build.0 = Release|x64
		{B1787EC5-4A20-4031-9099-6D3E3C212172}.Release|x86.ActiveCfg = Debug|Win32
		{B1787EC5-4A20-4031-9099-6D3E3C212172}.Release|x86.Build.0 = Debug|Win32
		{B1787EC5-4A20-4031-9099-6D3E3C212172}.ReleaseWithoutAsm|Any CPU.ActiveCfg = Release|x64
		{B1787EC5-4A20-4031-9099-6D3E3C212172}.ReleaseWithoutAsm|Any CPU.Build.0 = Release|x64
		{B1787EC5-4A20-4031-9099-6D3E3C212172}.ReleaseWithoutAsm|Itanium.ActiveCfg = Release|x64
		{B1787EC5-4A20-4031-9099-6D3E3C212172}.ReleaseWithoutAsm|Itanium.Build.0 = Release|x64
		{B1787EC5-4A20-4031-9099-6D3E3C212172}.ReleaseWithoutAsm|x64.ActiveCfg = Release|x64
		{B1787EC5-4A20-4031-9099-6D3E3C212172}.ReleaseWithoutAsm|x64.Build.0 = Release|x64
		{B1787EC5-4A20-4031-9099-6D3E3C212172}.ReleaseWithoutAsm|x86.ActiveCfg = Debug|Win32
		{B1787EC5-4A20-4031-9099-6D3E3C212172}.ReleaseWithoutAsm|x86.Build.0 = Debug|Win32
		{A4DFF0FB-B923-4A17-81CF-FBD77BBF903B}.Debug|Any CPU.ActiveCfg = Debug|Any CPU
		{A4DFF0FB-B923-4A17-81CF-FBD77BBF903B}.Debug|Any CPU.Build.0 = Debug|Any CPU
		{A4DFF0FB-B923-4A17-81CF-FBD77BBF903B}.Debug|Itanium.ActiveCfg = Debug|Any CPU
		{A4DFF0FB-B923-4A17-81CF-FBD77BBF903B}.Debug|Itanium.Build.0 = Debug|Any CPU
		{A4DFF0FB-B923-4A17-81CF-FBD77BBF903B}.Debug|x64.ActiveCfg = Debug|Any CPU
		{A4DFF0FB-B923-4A17-81CF-FBD77BBF903B}.Debug|x64.Build.0 = Debug|Any CPU
		{A4DFF0FB-B923-4A17-81CF-FBD77BBF903B}.Debug|x86.ActiveCfg = Debug|Any CPU
		{A4DFF0FB-B923-4A17-81CF-FBD77BBF903B}.Debug|x86.Build.0 = Debug|Any CPU
		{A4DFF0FB-B923-4A17-81CF-FBD77BBF903B}.Release|Any CPU.ActiveCfg = Release|Any CPU
		{A4DFF0FB-B923-4A17-81CF-FBD77BBF903B}.Release|Any CPU.Build.0 = Release|Any CPU
		{A4DFF0FB-B923-4A17-81CF-FBD77BBF903B}.Release|Itanium.ActiveCfg = Release|Any CPU
		{A4DFF0FB-B923-4A17-81CF-FBD77BBF903B}.Release|Itanium.Build.0 = Release|Any CPU
		{A4DFF0FB-B923-4A17-81CF-FBD77BBF903B}.Release|x64.ActiveCfg = Release|Any CPU
		{A4DFF0FB-B923-4A17-81CF-FBD77BBF903B}.Release|x64.Build.0 = Release|Any CPU
		{A4DFF0FB-B923-4A17-81CF-FBD77BBF903B}.Release|x86.ActiveCfg = Release|Any CPU
		{A4DFF0FB-B923-4A17-81CF-FBD77BBF903B}.Release|x86.Build.0 = Release|Any CPU
		{A4DFF0FB-B923-4A17-81CF-FBD77BBF903B}.ReleaseWithoutAsm|Any CPU.ActiveCfg = Release|Any CPU
		{A4DFF0FB-B923-4A17-81CF-FBD77BBF903B}.ReleaseWithoutAsm|Any CPU.Build.0 = Release|Any CPU
		{A4DFF0FB-B923-4A17-81CF-FBD77BBF903B}.ReleaseWithoutAsm|Itanium.ActiveCfg = Release|Any CPU
		{A4DFF0FB-B923-4A17-81CF-FBD77BBF903B}.ReleaseWithoutAsm|Itanium.Build.0 = Release|Any CPU
		{A4DFF0FB-B923-4A17-81CF-FBD77BBF903B}.ReleaseWithoutAsm|x64.ActiveCfg = Release|Any CPU
		{A4DFF0FB-B923-4A17-81CF-FBD77BBF903B}.ReleaseWithoutAsm|x64.Build.0 = Release|Any CPU
		{A4DFF0FB-B923-4A17-81CF-FBD77BBF903B}.ReleaseWithoutAsm|x86.ActiveCfg = Release|Any CPU
		{A4DFF0FB-B923-4A17-81CF-FBD77BBF903B}.ReleaseWithoutAsm|x86.Build.0 = Release|Any CPU
		{DB144E97-DB4B-41A4-926F-3B61AE5F390E}.Debug|Any CPU.ActiveCfg = Debug|Any CPU
		{DB144E97-DB4B-41A4-926F-3B61AE5F390E}.Debug|Any CPU.Build.0 = Debug|Any CPU
		{DB144E97-DB4B-41A4-926F-3B61AE5F390E}.Debug|Itanium.ActiveCfg = Debug|Any CPU
		{DB144E97-DB4B-41A4-926F-3B61AE5F390E}.Debug|Itanium.Build.0 = Debug|Any CPU
		{DB144E97-DB4B-41A4-926F-3B61AE5F390E}.Debug|x64.ActiveCfg = Debug|Any CPU
		{DB144E97-DB4B-41A4-926F-3B61AE5F390E}.Debug|x64.Build.0 = Debug|Any CPU
		{DB144E97-DB4B-41A4-926F-3B61AE5F390E}.Debug|x86.ActiveCfg = Debug|Any CPU
		{DB144E97-DB4B-41A4-926F-3B61AE5F390E}.Debug|x86.Build.0 = Debug|Any CPU
		{DB144E97-DB4B-41A4-926F-3B61AE5F390E}.Release|Any CPU.ActiveCfg = Release|Any CPU
		{DB144E97-DB4B-41A4-926F-3B61AE5F390E}.Release|Any CPU.Build.0 = Release|Any CPU
		{DB144E97-DB4B-41A4-926F-3B61AE5F390E}.Release|Itanium.ActiveCfg = Release|Any CPU
		{DB144E97-DB4B-41A4-926F-3B61AE5F390E}.Release|Itanium.Build.0 = Release|Any CPU
		{DB144E97-DB4B-41A4-926F-3B61AE5F390E}.Release|x64.ActiveCfg = Release|Any CPU
		{DB144E97-DB4B-41A4-926F-3B61AE5F390E}.Release|x64.Build.0 = Release|Any CPU
		{DB144E97-DB4B-41A4-926F-3B61AE5F390E}.Release|x86.ActiveCfg = Release|Any CPU
		{DB144E97-DB4B-41A4-926F-3B61AE5F390E}.Release|x86.Build.0 = Release|Any CPU
		{DB144E97-DB4B-41A4-926F-3B61AE5F390E}.ReleaseWithoutAsm|Any CPU.ActiveCfg = Release|Any CPU
		{DB144E97-DB4B-41A4-926F-3B61AE5F390E}.ReleaseWithoutAsm|Any CPU.Build.0 = Release|Any CPU
		{DB144E97-DB4B-41A4-926F-3B61AE5F390E}.ReleaseWithoutAsm|Itanium.ActiveCfg = Release|Any CPU
		{DB144E97-DB4B-41A4-926F-3B61AE5F390E}.ReleaseWithoutAsm|Itanium.Build.0 = Release|Any CPU
		{DB144E97-DB4B-41A4-926F-3B61AE5F390E}.ReleaseWithoutAsm|x64.ActiveCfg = Release|Any CPU
		{DB144E97-DB4B-41A4-926F-3B61AE5F390E}.ReleaseWithoutAsm|x64.Build.0 = Release|Any CPU
		{DB144E97-DB4B-41A4-926F-3B61AE5F390E}.ReleaseWithoutAsm|x86.ActiveCfg = Release|Any CPU
		{DB144E97-DB4B-41A4-926F-3B61AE5F390E}.ReleaseWithoutAsm|x86.Build.0 = Release|Any CPU
		{5A3683AE-15EE-4D98-AA2C-652376BD4B51}.Debug|Any CPU.ActiveCfg = Debug|Win32
		{5A3683AE-15EE-4D98-AA2C-652376BD4B51}.Debug|Itanium.ActiveCfg = Debug|Win32
		{5A3683AE-15EE-4D98-AA2C-652376BD4B51}.Debug|x64.ActiveCfg = Debug|x64
		{5A3683AE-15EE-4D98-AA2C-652376BD4B51}.Debug|x64.Build.0 = Debug|x64
		{5A3683AE-15EE-4D98-AA2C-652376BD4B51}.Debug|x86.ActiveCfg = Debug|Win32
		{5A3683AE-15EE-4D98-AA2C-652376BD4B51}.Debug|x86.Build.0 = Debug|Win32
		{5A3683AE-15EE-4D98-AA2C-652376BD4B51}.Release|Any CPU.ActiveCfg = Release|Win32
		{5A3683AE-15EE-4D98-AA2C-652376BD4B51}.Release|Itanium.ActiveCfg = Release|Win32
		{5A3683AE-15EE-4D98-AA2C-652376BD4B51}.Release|x64.ActiveCfg = Release|x64
		{5A3683AE-15EE-4D98-AA2C-652376BD4B51}.Release|x64.Build.0 = Release|x64
		{5A3683AE-15EE-4D98-AA2C-652376BD4B51}.Release|x86.ActiveCfg = Release|Win32
		{5A3683AE-15EE-4D98-AA2C-652376BD4B51}.Release|x86.Build.0 = Release|Win32
		{5A3683AE-15EE-4D98-AA2C-652376BD4B51}.ReleaseWithoutAsm|Any CPU.ActiveCfg = Release|x64
		{5A3683AE-15EE-4D98-AA2C-652376BD4B51}.ReleaseWithoutAsm|Any CPU.Build.0 = Release|x64
		{5A3683AE-15EE-4D98-AA2C-652376BD4B51}.ReleaseWithoutAsm|Itanium.ActiveCfg = Release|x64
		{5A3683AE-15EE-4D98-AA2C-652376BD4B51}.ReleaseWithoutAsm|Itanium.Build.0 = Release|x64
		{5A3683AE-15EE-4D98-AA2C-652376BD4B51}.ReleaseWithoutAsm|x64.ActiveCfg = Release|x64
		{5A3683AE-15EE-4D98-AA2C-652376BD4B51}.ReleaseWithoutAsm|x64.Build.0 = Release|x64
		{5A3683AE-15EE-4D98-AA2C-652376BD4B51}.ReleaseWithoutAsm|x86.ActiveCfg = Release|Win32
		{5A3683AE-15EE-4D98-AA2C-652376BD4B51}.ReleaseWithoutAsm|x86.Build.0 = Release|Win32
	EndGlobalSection
	GlobalSection(SolutionProperties) = preSolution
		HideSolutionNode = FALSE
	EndGlobalSection
	GlobalSection(ExtensibilityGlobals) = postSolution
		SolutionGuid = {AECFB28F-FD7B-4DA4-A550-D287C1BB8013}
	EndGlobalSection
EndGlobal
